// !$*UTF8*$!
{
	archiveVersion = 1;
	classes = {
	};
	objectVersion = 56;
	objects = {

/* Begin PBXBuildFile section */
		01C9260C8AD8B1EEBFCB169C /* ResumeAI/Presentation/ResumeMatch/ResumeMatchView.swift in Sources */ = {isa = PBXBuildFile; fileRef = 4E17A4A8F5EF32F6DE6475F2 /* ResumeAI/Presentation/ResumeMatch/ResumeMatchView.swift */; };
		1379CA8816684A2D31216898 /* ResumeAI/Infrastructure/Extraction/ResumeTextExtractionRepository.swift in Sources */ = {isa = PBXBuildFile; fileRef = CA25B61422A7D0668DB97D85 /* ResumeAI/Infrastructure/Extraction/ResumeTextExtractionRepository.swift */; };
		1AB17E034DF5E9AB2ACC104E /* ResumeAI/Presentation/ResumeMatch/ResumeMatchViewModel.swift in Sources */ = {isa = PBXBuildFile; fileRef = 2AFADD1B43C92C3743C716FA /* ResumeAI/Presentation/ResumeMatch/ResumeMatchViewModel.swift */; };
		1F364E6B92C5F87AC654D207 /* ResumeAI/Presentation/ResumeMatch/Components/ImageImportButton.swift in Sources */ = {isa = PBXBuildFile; fileRef = F4F73479434E44B851ADB2FA /* ResumeAI/Presentation/ResumeMatch/Components/ImageImportButton.swift */; };
		40392505E9F90118D393D2E3 /* ResumeAI/Presentation/ResumeMatch/Components/Theme.swift in Sources */ = {isa = PBXBuildFile; fileRef = 58D21A587723658F1D1F55AB /* ResumeAI/Presentation/ResumeMatch/Components/Theme.swift */; };
		416C55738BC3D319E51D443A /* ResumeAI/Domain/UseCases/AnalyzeResumeMatchUseCase.swift in Sources */ = {isa = PBXBuildFile; fileRef = 8D86E01EE0AFBC99BDCE2FB5 /* ResumeAI/Domain/UseCases/AnalyzeResumeMatchUseCase.swift */; };
		52C4F9FE68D4E67A8C4EA466 /* ResumeAI/Domain/Repositories/ResumeTextExtracting.swift in Sources */ = {isa = PBXBuildFile; fileRef = A07964A667A46BD3D34E0D8F /* ResumeAI/Domain/Repositories/ResumeTextExtracting.swift */; };
		5C40BAC377D6905D402783D8 /* ResumeAI/Presentation/ResumeMatch/Components/DocumentImportButton.swift in Sources */ = {isa = PBXBuildFile; fileRef = 3E522981725938BEC64C6214 /* ResumeAI/Presentation/ResumeMatch/Components/DocumentImportButton.swift */; };
		6E84DA320430F4FD8ADB1D6D /* ResumeAI/Domain/Entities/ResumeMatchModels.swift in Sources */ = {isa = PBXBuildFile; fileRef = 8B4673506CC48591292531C6 /* ResumeAI/Domain/Entities/ResumeMatchModels.swift */; };
		74BD799580B5E10F834A5A2D /* ResumeAI/Data/Repositories/AppDependencyContainer.swift in Sources */ = {isa = PBXBuildFile; fileRef = C453284A9A41304D52A459E2 /* ResumeAI/Data/Repositories/AppDependencyContainer.swift */; };
		78D9A0FF253099E02C3E50D3 /* ResumeAI/App/ResumeAIApp.swift in Sources */ = {isa = PBXBuildFile; fileRef = 6BD5FA51C2782AC902E19B94 /* ResumeAI/App/ResumeAIApp.swift */; };
		A15189682FAFD4C48B85FAA8 /* ResumeAI/Presentation/ResumeMatch/Components/AnalysisResultCard.swift in Sources */ = {isa = PBXBuildFile; fileRef = AED3B46B2EB6ABDC54AF63EF /* ResumeAI/Presentation/ResumeMatch/Components/AnalysisResultCard.swift */; };
		A3C8D1A01226E1A39029DEC2 /* ResumeAI/Presentation/ResumeMatch/Components/FlowLayout.swift in Sources */ = {isa = PBXBuildFile; fileRef = 7FC3B5B8BAFB1F9F8CF47310 /* ResumeAI/Presentation/ResumeMatch/Components/FlowLayout.swift */; };
		BD0DBB19D168F10F013FC742 /* ResumeAI/Infrastructure/JobFetching/JobDescriptionRepository.swift in Sources */ = {isa = PBXBuildFile; fileRef = 2F6848A5D76C29F6180EDCCC /* ResumeAI/Infrastructure/JobFetching/JobDescriptionRepository.swift */; };
		BE1577BD80C50BE97C8AF542 /* ResumeAI/Presentation/ResumeMatch/Components/ScoreBreakdownView.swift in Sources */ = {isa = PBXBuildFile; fileRef = BDC46060ED96F9D0ECC99E98 /* ResumeAI/Presentation/ResumeMatch/Components/ScoreBreakdownView.swift */; };
		C57AFA465DD4AD119AC825CF /* ResumeAI/Domain/Services/ResumeScoringService.swift in Sources */ = {isa = PBXBuildFile; fileRef = 852D71446950B6FF0B25415E /* ResumeAI/Domain/Services/ResumeScoringService.swift */; };
		CFDAC65B017B41A515EAABA2 /* ResumeAI/Infrastructure/LocalLLM/LocalQwenLLMService.swift in Sources */ = {isa = PBXBuildFile; fileRef = DBD0C02DC567C3195B65BA75 /* ResumeAI/Infrastructure/LocalLLM/LocalQwenLLMService.swift */; };
		E2528C82C5DDC6CDEAC342E9 /* ResumeAI/Domain/Repositories/JobDescriptionProviding.swift in Sources */ = {isa = PBXBuildFile; fileRef = 65E2E19CC4E0CD608174FA60 /* ResumeAI/Domain/Repositories/JobDescriptionProviding.swift */; };
		EC396307D87D388DEA7E36CC /* ResumeAI/Domain/Repositories/ResumeSuggestionGenerating.swift in Sources */ = {isa = PBXBuildFile; fileRef = C661B757FB981DA33235FDF0 /* ResumeAI/Domain/Repositories/ResumeSuggestionGenerating.swift */; };
		F3E90DCEED1A4673F24EBA4B /* ResumeAI/Presentation/ResumeMatch/Components/ScoreRingView.swift in Sources */ = {isa = PBXBuildFile; fileRef = E0496151565C33090E58D173 /* ResumeAI/Presentation/ResumeMatch/Components/ScoreRingView.swift */; };
/* End PBXBuildFile section */

/* Begin PBXFileReference section */
		2AFADD1B43C92C3743C716FA /* ResumeAI/Presentation/ResumeMatch/ResumeMatchViewModel.swift */ = {isa = PBXFileReference; lastKnownFileType = sourcecode.swift; path = ResumeAI/Presentation/ResumeMatch/ResumeMatchViewModel.swift; sourceTree = "<group>"; };
		2F6848A5D76C29F6180EDCCC /* ResumeAI/Infrastructure/JobFetching/JobDescriptionRepository.swift */ = {isa = PBXFileReference; lastKnownFileType = sourcecode.swift; path = ResumeAI/Infrastructure/JobFetching/JobDescriptionRepository.swift; sourceTree = "<group>"; };
		3E522981725938BEC64C6214 /* ResumeAI/Presentation/ResumeMatch/Components/DocumentImportButton.swift */ = {isa = PBXFileReference; lastKnownFileType = sourcecode.swift; path = ResumeAI/Presentation/ResumeMatch/Components/DocumentImportButton.swift; sourceTree = "<group>"; };
		4E17A4A8F5EF32F6DE6475F2 /* ResumeAI/Presentation/ResumeMatch/ResumeMatchView.swift */ = {isa = PBXFileReference; lastKnownFileType = sourcecode.swift; path = ResumeAI/Presentation/ResumeMatch/ResumeMatchView.swift; sourceTree = "<group>"; };
		58D21A587723658F1D1F55AB /* ResumeAI/Presentation/ResumeMatch/Components/Theme.swift */ = {isa = PBXFileReference; lastKnownFileType = sourcecode.swift; path = ResumeAI/Presentation/ResumeMatch/Components/Theme.swift; sourceTree = "<group>"; };
		65E2E19CC4E0CD608174FA60 /* ResumeAI/Domain/Repositories/JobDescriptionProviding.swift */ = {isa = PBXFileReference; lastKnownFileType = sourcecode.swift; path = ResumeAI/Domain/Repositories/JobDescriptionProviding.swift; sourceTree = "<group>"; };
		6BD5FA51C2782AC902E19B94 /* ResumeAI/App/ResumeAIApp.swift */ = {isa = PBXFileReference; lastKnownFileType = sourcecode.swift; path = ResumeAI/App/ResumeAIApp.swift; sourceTree = "<group>"; };
		7FC3B5B8BAFB1F9F8CF47310 /* ResumeAI/Presentation/ResumeMatch/Components/FlowLayout.swift */ = {isa = PBXFileReference; lastKnownFileType = sourcecode.swift; path = ResumeAI/Presentation/ResumeMatch/Components/FlowLayout.swift; sourceTree = "<group>"; };
		852D71446950B6FF0B25415E /* ResumeAI/Domain/Services/ResumeScoringService.swift */ = {isa = PBXFileReference; lastKnownFileType = sourcecode.swift; path = ResumeAI/Domain/Services/ResumeScoringService.swift; sourceTree = "<group>"; };
		8B4673506CC48591292531C6 /* ResumeAI/Domain/Entities/ResumeMatchModels.swift */ = {isa = PBXFileReference; lastKnownFileType = sourcecode.swift; path = ResumeAI/Domain/Entities/ResumeMatchModels.swift; sourceTree = "<group>"; };
		8D86E01EE0AFBC99BDCE2FB5 /* ResumeAI/Domain/UseCases/AnalyzeResumeMatchUseCase.swift */ = {isa = PBXFileReference; lastKnownFileType = sourcecode.swift; path = ResumeAI/Domain/UseCases/AnalyzeResumeMatchUseCase.swift; sourceTree = "<group>"; };
		A00000000000000000000010 /* ResumeAI.app */ = {isa = PBXFileReference; explicitFileType = wrapper.application; includeInIndex = 0; path = ResumeAI.app; sourceTree = BUILT_PRODUCTS_DIR; };
		A07964A667A46BD3D34E0D8F /* ResumeAI/Domain/Repositories/ResumeTextExtracting.swift */ = {isa = PBXFileReference; lastKnownFileType = sourcecode.swift; path = ResumeAI/Domain/Repositories/ResumeTextExtracting.swift; sourceTree = "<group>"; };
		AED3B46B2EB6ABDC54AF63EF /* ResumeAI/Presentation/ResumeMatch/Components/AnalysisResultCard.swift */ = {isa = PBXFileReference; lastKnownFileType = sourcecode.swift; path = ResumeAI/Presentation/ResumeMatch/Components/AnalysisResultCard.swift; sourceTree = "<group>"; };
		BDC46060ED96F9D0ECC99E98 /* ResumeAI/Presentation/ResumeMatch/Components/ScoreBreakdownView.swift */ = {isa = PBXFileReference; lastKnownFileType = sourcecode.swift; path = ResumeAI/Presentation/ResumeMatch/Components/ScoreBreakdownView.swift; sourceTree = "<group>"; };
		C453284A9A41304D52A459E2 /* ResumeAI/Data/Repositories/AppDependencyContainer.swift */ = {isa = PBXFileReference; lastKnownFileType = sourcecode.swift; path = ResumeAI/Data/Repositories/AppDependencyContainer.swift; sourceTree = "<group>"; };
		C661B757FB981DA33235FDF0 /* ResumeAI/Domain/Repositories/ResumeSuggestionGenerating.swift */ = {isa = PBXFileReference; lastKnownFileType = sourcecode.swift; path = ResumeAI/Domain/Repositories/ResumeSuggestionGenerating.swift; sourceTree = "<group>"; };
		CA25B61422A7D0668DB97D85 /* ResumeAI/Infrastructure/Extraction/ResumeTextExtractionRepository.swift */ = {isa = PBXFileReference; lastKnownFileType = sourcecode.swift; path = ResumeAI/Infrastructure/Extraction/ResumeTextExtractionRepository.swift; sourceTree = "<group>"; };
		DBD0C02DC567C3195B65BA75 /* ResumeAI/Infrastructure/LocalLLM/LocalQwenLLMService.swift */ = {isa = PBXFileReference; lastKnownFileType = sourcecode.swift; path = ResumeAI/Infrastructure/LocalLLM/LocalQwenLLMService.swift; sourceTree = "<group>"; };
		E0496151565C33090E58D173 /* ResumeAI/Presentation/ResumeMatch/Components/ScoreRingView.swift */ = {isa = PBXFileReference; lastKnownFileType = sourcecode.swift; path = ResumeAI/Presentation/ResumeMatch/Components/ScoreRingView.swift; sourceTree = "<group>"; };
		F4F73479434E44B851ADB2FA /* ResumeAI/Presentation/ResumeMatch/Components/ImageImportButton.swift */ = {isa = PBXFileReference; lastKnownFileType = sourcecode.swift; path = ResumeAI/Presentation/ResumeMatch/Components/ImageImportButton.swift; sourceTree = "<group>"; };
/* End PBXFileReference section */

/* Begin PBXFrameworksBuildPhase section */
		A00000000000000000000008 /* Frameworks */ = {
			isa = PBXFrameworksBuildPhase;
			buildActionMask = 2147483647;
			files = (
			);
			runOnlyForDeploymentPostprocessing = 0;
		};
/* End PBXFrameworksBuildPhase section */

/* Begin PBXGroup section */
		A00000000000000000000002 = {
			isa = PBXGroup;
			children = (
				6BD5FA51C2782AC902E19B94 /* ResumeAI/App/ResumeAIApp.swift */,
				C453284A9A41304D52A459E2 /* ResumeAI/Data/Repositories/AppDependencyContainer.swift */,
				8B4673506CC48591292531C6 /* ResumeAI/Domain/Entities/ResumeMatchModels.swift */,
				65E2E19CC4E0CD608174FA60 /* ResumeAI/Domain/Repositories/JobDescriptionProviding.swift */,
				C661B757FB981DA33235FDF0 /* ResumeAI/Domain/Repositories/ResumeSuggestionGenerating.swift */,
				A07964A667A46BD3D34E0D8F /* ResumeAI/Domain/Repositories/ResumeTextExtracting.swift */,
				852D71446950B6FF0B25415E /* ResumeAI/Domain/Services/ResumeScoringService.swift */,
				8D86E01EE0AFBC99BDCE2FB5 /* ResumeAI/Domain/UseCases/AnalyzeResumeMatchUseCase.swift */,
				CA25B61422A7D0668DB97D85 /* ResumeAI/Infrastructure/Extraction/ResumeTextExtractionRepository.swift */,
				2F6848A5D76C29F6180EDCCC /* ResumeAI/Infrastructure/JobFetching/JobDescriptionRepository.swift */,
				DBD0C02DC567C3195B65BA75 /* ResumeAI/Infrastructure/LocalLLM/LocalQwenLLMService.swift */,
				AED3B46B2EB6ABDC54AF63EF /* ResumeAI/Presentation/ResumeMatch/Components/AnalysisResultCard.swift */,
				3E522981725938BEC64C6214 /* ResumeAI/Presentation/ResumeMatch/Components/DocumentImportButton.swift */,
				7FC3B5B8BAFB1F9F8CF47310 /* ResumeAI/Presentation/ResumeMatch/Components/FlowLayout.swift */,
				F4F73479434E44B851ADB2FA /* ResumeAI/Presentation/ResumeMatch/Components/ImageImportButton.swift */,
				BDC46060ED96F9D0ECC99E98 /* ResumeAI/Presentation/ResumeMatch/Components/ScoreBreakdownView.swift */,
				E0496151565C33090E58D173 /* ResumeAI/Presentation/ResumeMatch/Components/ScoreRingView.swift */,
				58D21A587723658F1D1F55AB /* ResumeAI/Presentation/ResumeMatch/Components/Theme.swift */,
				4E17A4A8F5EF32F6DE6475F2 /* ResumeAI/Presentation/ResumeMatch/ResumeMatchView.swift */,
				2AFADD1B43C92C3743C716FA /* ResumeAI/Presentation/ResumeMatch/ResumeMatchViewModel.swift */,
				A00000000000000000000003 /* Products */,
			);
			sourceTree = "<group>";
		};
		A00000000000000000000003 /* Products */ = {
			isa = PBXGroup;
			children = (
				A00000000000000000000010 /* ResumeAI.app */,
			);
			name = Products;
			sourceTree = "<group>";
		};
/* End PBXGroup section */

/* Begin PBXNativeTarget section */
		A00000000000000000000004 /* ResumeAI */ = {
			isa = PBXNativeTarget;
			buildConfigurationList = A00000000000000000000006 /* Build configuration list for PBXNativeTarget "ResumeAI" */;
			buildPhases = (
				A00000000000000000000007 /* Sources */,
				A00000000000000000000008 /* Frameworks */,
				A00000000000000000000009 /* Resources */,
			);
			buildRules = (
			);
			dependencies = (
			);
			name = ResumeAI;
			productName = ResumeAI;
			productReference = A00000000000000000000010 /* ResumeAI.app */;
			productType = "com.apple.product-type.application";
		};
/* End PBXNativeTarget section */

/* Begin PBXProject section */
		A00000000000000000000001 /* Project object */ = {
			isa = PBXProject;
			attributes = {
				BuildIndependentTargetsInParallel = 1;
				LastSwiftUpdateCheck = 1600;
				LastUpgradeCheck = 1600;
				TargetAttributes = {
					A00000000000000000000004 = {
						CreatedOnToolsVersion = 16.0;
					};
				};
			};
			buildConfigurationList = A00000000000000000000005 /* Build configuration list for PBXProject "ResumeAI" */;
			compatibilityVersion = "Xcode 14.0";
			developmentRegion = en;
			hasScannedForEncodings = 0;
			knownRegions = (
				en,
				Base,
			);
			mainGroup = A00000000000000000000002;
			productRefGroup = A00000000000000000000003 /* Products */;
			projectDirPath = "";
			projectRoot = "";
			targets = (
				A00000000000000000000004 /* ResumeAI */,
			);
		};
/* End PBXProject section */

/* Begin PBXResourcesBuildPhase section */
		A00000000000000000000009 /* Resources */ = {
			isa = PBXResourcesBuildPhase;
			buildActionMask = 2147483647;
			files = (
			);
			runOnlyForDeploymentPostprocessing = 0;
		};
/* End PBXResourcesBuildPhase section */

/* Begin PBXSourcesBuildPhase section */
		A00000000000000000000007 /* Sources */ = {
			isa = PBXSourcesBuildPhase;
			buildActionMask = 2147483647;
			files = (
				78D9A0FF253099E02C3E50D3 /* ResumeAI/App/ResumeAIApp.swift in Sources */,
				74BD799580B5E10F834A5A2D /* ResumeAI/Data/Repositories/AppDependencyContainer.swift in Sources */,
				6E84DA320430F4FD8ADB1D6D /* ResumeAI/Domain/Entities/ResumeMatchModels.swift in Sources */,
				E2528C82C5DDC6CDEAC342E9 /* ResumeAI/Domain/Repositories/JobDescriptionProviding.swift in Sources */,
				EC396307D87D388DEA7E36CC /* ResumeAI/Domain/Repositories/ResumeSuggestionGenerating.swift in Sources */,
				52C4F9FE68D4E67A8C4EA466 /* ResumeAI/Domain/Repositories/ResumeTextExtracting.swift in Sources */,
				C57AFA465DD4AD119AC825CF /* ResumeAI/Domain/Services/ResumeScoringService.swift in Sources */,
				416C55738BC3D319E51D443A /* ResumeAI/Domain/UseCases/AnalyzeResumeMatchUseCase.swift in Sources */,
				1379CA8816684A2D31216898 /* ResumeAI/Infrastructure/Extraction/ResumeTextExtractionRepository.swift in Sources */,
				BD0DBB19D168F10F013FC742 /* ResumeAI/Infrastructure/JobFetching/JobDescriptionRepository.swift in Sources */,
				CFDAC65B017B41A515EAABA2 /* ResumeAI/Infrastructure/LocalLLM/LocalQwenLLMService.swift in Sources */,
				A15189682FAFD4C48B85FAA8 /* ResumeAI/Presentation/ResumeMatch/Components/AnalysisResultCard.swift in Sources */,
				5C40BAC377D6905D402783D8 /* ResumeAI/Presentation/ResumeMatch/Components/DocumentImportButton.swift in Sources */,
				A3C8D1A01226E1A39029DEC2 /* ResumeAI/Presentation/ResumeMatch/Components/FlowLayout.swift in Sources */,
				1F364E6B92C5F87AC654D207 /* ResumeAI/Presentation/ResumeMatch/Components/ImageImportButton.swift in Sources */,
				BE1577BD80C50BE97C8AF542 /* ResumeAI/Presentation/ResumeMatch/Components/ScoreBreakdownView.swift in Sources */,
				F3E90DCEED1A4673F24EBA4B /* ResumeAI/Presentation/ResumeMatch/Components/ScoreRingView.swift in Sources */,
				40392505E9F90118D393D2E3 /* ResumeAI/Presentation/ResumeMatch/Components/Theme.swift in Sources */,
				01C9260C8AD8B1EEBFCB169C /* ResumeAI/Presentation/ResumeMatch/ResumeMatchView.swift in Sources */,
				1AB17E034DF5E9AB2ACC104E /* ResumeAI/Presentation/ResumeMatch/ResumeMatchViewModel.swift in Sources */,
			);
			runOnlyForDeploymentPostprocessing = 0;
		};
/* End PBXSourcesBuildPhase section */

/* Begin XCBuildConfiguration section */
		A00000000000000000000011 /* Debug */ = {
			isa = XCBuildConfiguration;
			buildSettings = {
				ALWAYS_SEARCH_USER_PATHS = NO;
				CLANG_ANALYZER_NONNULL = YES;
				CLANG_ANALYZER_NUMBER_OBJECT_CONVERSION = YES_AGGRESSIVE;
				CLANG_CXX_LANGUAGE_STANDARD = "gnu++20";
				CLANG_ENABLE_MODULES = YES;
				CLANG_ENABLE_OBJC_ARC = YES;
				CLANG_ENABLE_OBJC_WEAK = YES;
				CLANG_WARN_BLOCK_CAPTURE_AUTORELEASING = YES;
				CLANG_WARN_BOOL_CONVERSION = YES;
				CLANG_WARN_COMMA = YES;
				CLANG_WARN_CONSTANT_CONVERSION = YES;
				CLANG_WARN_DEPRECATED_OBJC_IMPLEMENTATIONS = YES;
				CLANG_WARN_DIRECT_OBJC_ISA_USAGE = YES_ERROR;
				CLANG_WARN_DOCUMENTATION_COMMENTS = YES;
				CLANG_WARN_EMPTY_BODY = YES;
				CLANG_WARN_ENUM_CONVERSION = YES;
				CLANG_WARN_INFINITE_RECURSION = YES;
				CLANG_WARN_INT_CONVERSION = YES;
				CLANG_WARN_NON_LITERAL_NULL_CONVERSION = YES;
				CLANG_WARN_OBJC_IMPLICIT_RETAIN_SELF = YES;
				CLANG_WARN_OBJC_LITERAL_CONVERSION = YES;
				CLANG_WARN_OBJC_ROOT_CLASS = YES_ERROR;
				CLANG_WARN_QUOTED_INCLUDE_IN_FRAMEWORK_HEADER = YES;
				CLANG_WARN_RANGE_LOOP_ANALYSIS = YES;
				CLANG_WARN_STRICT_PROTOTYPES = YES;
				CLANG_WARN_SUSPICIOUS_MOVE = YES;
				CLANG_WARN_UNGUARDED_AVAILABILITY = YES_AGGRESSIVE;
				CLANG_WARN_UNREACHABLE_CODE = YES;
				CLANG_WARN__DUPLICATE_METHOD_MATCH = YES;
				COPY_PHASE_STRIP = NO;
				DEBUG_INFORMATION_FORMAT = dwarf;
				ENABLE_STRICT_OBJC_MSGSEND = YES;
				ENABLE_TESTABILITY = YES;
				GCC_C_LANGUAGE_STANDARD = gnu17;
				GCC_DYNAMIC_NO_PIC = NO;
				GCC_NO_COMMON_BLOCKS = YES;
				GCC_OPTIMIZATION_LEVEL = 0;
				GCC_PREPROCESSOR_DEFINITIONS = (
					"DEBUG=1",
					"$(inherited)",
				);
				GCC_WARN_64_TO_32_BIT_CONVERSION = YES;
				GCC_WARN_ABOUT_RETURN_TYPE = YES_ERROR;
				GCC_WARN_UNDECLARED_SELECTOR = YES;
				GCC_WARN_UNINITIALIZED_AUTOS = YES_AGGRESSIVE;
				GCC_WARN_UNUSED_FUNCTION = YES;
				GCC_WARN_UNUSED_VARIABLE = YES;
				IPHONEOS_DEPLOYMENT_TARGET = 17.0;
				MTL_ENABLE_DEBUG_INFO = INCLUDE_SOURCE;
				MTL_FAST_MATH = YES;
				ONLY_ACTIVE_ARCH = YES;
				SDKROOT = iphoneos;
				SWIFT_ACTIVE_COMPILATION_CONDITIONS = DEBUG;
				SWIFT_OPTIMIZATION_LEVEL = "-Onone";
			};
			name = Debug;
		};
		A00000000000000000000012 /* Release */ = {
			isa = XCBuildConfiguration;
			buildSettings = {
				ALWAYS_SEARCH_USER_PATHS = NO;
				CLANG_ANALYZER_NONNULL = YES;
				CLANG_ANALYZER_NUMBER_OBJECT_CONVERSION = YES_AGGRESSIVE;
				CLANG_CXX_LANGUAGE_STANDARD = "gnu++20";
				CLANG_ENABLE_MODULES = YES;
				CLANG_ENABLE_OBJC_ARC = YES;
				CLANG_ENABLE_OBJC_WEAK = YES;
				CLANG_WARN_BLOCK_CAPTURE_AUTORELEASING = YES;
				CLANG_WARN_BOOL_CONVERSION = YES;
				CLANG_WARN_COMMA = YES;
				CLANG_WARN_CONSTANT_CONVERSION = YES;
				CLANG_WARN_DEPRECATED_OBJC_IMPLEMENTATIONS = YES;
				CLANG_WARN_DIRECT_OBJC_ISA_USAGE = YES_ERROR;
				CLANG_WARN_DOCUMENTATION_COMMENTS = YES;
				CLANG_WARN_EMPTY_BODY = YES;
				CLANG_WARN_ENUM_CONVERSION = YES;
				CLANG_WARN_INFINITE_RECURSION = YES;
				CLANG_WARN_INT_CONVERSION = YES;
				CLANG_WARN_NON_LITERAL_NULL_CONVERSION = YES;
				CLANG_WARN_OBJC_IMPLICIT_RETAIN_SELF = YES;
				CLANG_WARN_OBJC_LITERAL_CONVERSION = YES;
				CLANG_WARN_OBJC_ROOT_CLASS = YES_ERROR;
				CLANG_WARN_QUOTED_INCLUDE_IN_FRAMEWORK_HEADER = YES;
				CLANG_WARN_RANGE_LOOP_ANALYSIS = YES;
				CLANG_WARN_STRICT_PROTOTYPES = YES;
				CLANG_WARN_SUSPICIOUS_MOVE = YES;
				CLANG_WARN_UNGUARDED_AVAILABILITY = YES_AGGRESSIVE;
				CLANG_WARN_UNREACHABLE_CODE = YES;
				CLANG_WARN__DUPLICATE_METHOD_MATCH = YES;
				COPY_PHASE_STRIP = NO;
				DEBUG_INFORMATION_FORMAT = "dwarf-with-dsym";
				ENABLE_NS_ASSERTIONS = NO;
				ENABLE_STRICT_OBJC_MSGSEND = YES;
				GCC_C_LANGUAGE_STANDARD = gnu17;
				GCC_NO_COMMON_BLOCKS = YES;
				GCC_WARN_64_TO_32_BIT_CONVERSION = YES;
				GCC_WARN_ABOUT_RETURN_TYPE = YES_ERROR;
				GCC_WARN_UNDECLARED_SELECTOR = YES;
				GCC_WARN_UNINITIALIZED_AUTOS = YES_AGGRESSIVE;
				GCC_WARN_UNUSED_FUNCTION = YES;
				GCC_WARN_UNUSED_VARIABLE = YES;
				IPHONEOS_DEPLOYMENT_TARGET = 17.0;
				MTL_ENABLE_DEBUG_INFO = NO;
				MTL_FAST_MATH = YES;
				SDKROOT = iphoneos;
				SWIFT_COMPILATION_MODE = wholemodule;
				VALIDATE_PRODUCT = YES;
			};
			name = Release;
		};
		A00000000000000000000013 /* Debug */ = {
			isa = XCBuildConfiguration;
			buildSettings = {
				ASSETCATALOG_COMPILER_APPICON_NAME = AppIcon;
				CODE_SIGN_STYLE = Automatic;
				CURRENT_PROJECT_VERSION = 1;
				DEVELOPMENT_ASSET_PATHS = "";
				DEVELOPMENT_TEAM = B5JJ9SHMFC;
				GENERATE_INFOPLIST_FILE = NO;
				INFOPLIST_FILE = ResumeAI/Resources/Info.plist;
				MARKETING_VERSION = 1.0;
				PRODUCT_BUNDLE_IDENTIFIER = com.deep.resumeai.app;
				PRODUCT_NAME = "$(TARGET_NAME)";
				SWIFT_EMIT_LOC_STRINGS = YES;
				SWIFT_VERSION = 5.0;
				TARGETED_DEVICE_FAMILY = "1,2";
			};
			name = Debug;
		};
		A00000000000000000000014 /* Release */ = {
			isa = XCBuildConfiguration;
			buildSettings = {
				ASSETCATALOG_COMPILER_APPICON_NAME = AppIcon;
				CODE_SIGN_STYLE = Automatic;
				CURRENT_PROJECT_VERSION = 1;
				DEVELOPMENT_ASSET_PATHS = "";
				DEVELOPMENT_TEAM = B5JJ9SHMFC;
				GENERATE_INFOPLIST_FILE = NO;
				INFOPLIST_FILE = ResumeAI/Resources/Info.plist;
				MARKETING_VERSION = 1.0;
				PRODUCT_BUNDLE_IDENTIFIER = com.deep.resumeai.app;
				PRODUCT_NAME = "$(TARGET_NAME)";
				SWIFT_EMIT_LOC_STRINGS = YES;
				SWIFT_VERSION = 5.0;
				TARGETED_DEVICE_FAMILY = "1,2";
			};
			name = Release;
		};
/* End XCBuildConfiguration section */

/* Begin XCConfigurationList section */
		A00000000000000000000005 /* Build configuration list for PBXProject "ResumeAI" */ = {
			isa = XCConfigurationList;
			buildConfigurations = (
				A00000000000000000000011 /* Debug */,
				A00000000000000000000012 /* Release */,
			);
			defaultConfigurationIsVisible = 0;
			defaultConfigurationName = Release;
		};
		A00000000000000000000006 /* Build configuration list for PBXNativeTarget "ResumeAI" */ = {
			isa = XCConfigurationList;
			buildConfigurations = (
				A00000000000000000000013 /* Debug */,
				A00000000000000000000014 /* Release */,
			);
			defaultConfigurationIsVisible = 0;
			defaultConfigurationName = Release;
		};
/* End XCConfigurationList section */
	};
	rootObject = A00000000000000000000001 /* Project object */;
}
