{
  "originHash" : "2e6f1b0e9206478dbf0dd12a35f74562cb1e0efa60df66f116594f050d84c0dd",
  "pins" : [
    {
      "identity" : "llama.swift",
      "kind" : "remoteSourceControl",
      "location" : "https://github.com/mattt/llama.swift",
      "state" : {
        "revision" : "b24cce6dfc4e5b159196a8f5965121040036d1f9",
        "version" : "2.8987.0"
      }
    }
  ],
  "version" : 3
}
